
Microsoft Visual Studio Solution File, Format Version 12.00
Project("{FAE04EC0-301F-11D3-BF4B-00C04F79EFBC}") = "Task2", "Task2\Task2.csproj", "{B9A51B0C-6E5B-4299-A8A9-90C29B5F66FD}"
EndProject
Project("{FAE04EC0-301F-11D3-BF4B-00C04F79EFBC}") = "ReflectionApp", "ReflectionApp\ReflectionApp.csproj", "{BEF55739-231A-4EFA-AAA5-706EE7E256E9}"
EndProject
Global
	GlobalSection(SolutionConfigurationPlatforms) = preSolution
		Debug|Any CPU = Debug|Any CPU
		Release|Any CPU = Release|Any CPU
	EndGlobalSection
	GlobalSection(ProjectConfigurationPlatforms) = postSolution
		{B9A51B0C-6E5B-4299-A8A9-90C29B5F66FD}.Debug|Any CPU.ActiveCfg = Debug|Any CPU
		{B9A51B0C-6E5B-4299-A8A9-90C29B5F66FD}.Debug|Any CPU.Build.0 = Debug|Any CPU
		{B9A51B0C-6E5B-4299-A8A9-90C29B5F66FD}.Release|Any CPU.ActiveCfg = Release|Any CPU
		{B9A51B0C-6E5B-4299-A8A9-90C29B5F66FD}.Release|Any CPU.Build.0 = Release|Any CPU
		{BEF55739-231A-4EFA-AAA5-706EE7E256E9}.Debug|Any CPU.ActiveCfg = Debug|Any CPU
		{BEF55739-231A-4EFA-AAA5-706EE7E256E9}.Debug|Any CPU.Build.0 = Debug|Any CPU
		{BEF55739-231A-4EFA-AAA5-706EE7E256E9}.Release|Any CPU.ActiveCfg = Release|Any CPU
		{BEF55739-231A-4EFA-AAA5-706EE7E256E9}.Release|Any CPU.Build.0 = Release|Any CPU
	EndGlobalSection
EndGlobal
